
Microsoft Visual Studio Solution File, Format Version 12.00
# Visual Studio Version 17
VisualStudioVersion = 17.2.32630.192
MinimumVisualStudioVersion = 10.0.40219.1
Project("{FAE04EC0-301F-11D3-BF4B-00C04F79EFBC}") = "Singleton", "Singleton.csproj", "{D5E45377-4331-4DA3-9243-337294080D80}"
EndProject
Global
	GlobalSection(SolutionConfigurationPlatforms) = preSolution
		Debug|Any CPU = Debug|Any CPU
		Release|Any CPU = Release|Any CPU
	EndGlobalSection
	GlobalSection(ProjectConfigurationPlatforms) = postSolution
		{D5E45377-4331-4DA3-9243-337294080D80}.Debug|Any CPU.ActiveCfg = Debug|Any CPU
		{D5E45377-4331-4DA3-9243-337294080D80}.Debug|Any CPU.Build.0 = Debug|Any CPU
		{D5E45377-4331-4DA3-9243-337294080D80}.Release|Any CPU.ActiveCfg = Release|Any CPU
		{D5E45377-4331-4DA3-9243-337294080D80}.Release|Any CPU.Build.0 = Release|Any CPU
	EndGlobalSection
	GlobalSection(SolutionProperties) = preSolution
		HideSolutionNode = FALSE
	EndGlobalSection
	GlobalSection(ExtensibilityGlobals) = postSolution
		SolutionGuid = {B7DB88E9-524D-426A-A7B2-25E5AE0CD5CE}
	EndGlobalSection
EndGlobal
