
Microsoft Visual Studio Solution File, Format Version 12.00
# Visual Studio Version 17
VisualStudioVersion = 17.2.32630.192
MinimumVisualStudioVersion = 10.0.40219.1
Project("{FAE04EC0-301F-11D3-BF4B-00C04F79EFBC}") = "Bridge", "Bridge.csproj", "{1F3C21DA-C8CB-498B-ABA4-0C61F4BE50EB}"
EndProject
Global
	GlobalSection(SolutionConfigurationPlatforms) = preSolution
		Debug|Any CPU = Debug|Any CPU
		Release|Any CPU = Release|Any CPU
	EndGlobalSection
	GlobalSection(ProjectConfigurationPlatforms) = postSolution
		{1F3C21DA-C8CB-498B-ABA4-0C61F4BE50EB}.Debug|Any CPU.ActiveCfg = Debug|Any CPU
		{1F3C21DA-C8CB-498B-ABA4-0C61F4BE50EB}.Debug|Any CPU.Build.0 = Debug|Any CPU
		{1F3C21DA-C8CB-498B-ABA4-0C61F4BE50EB}.Release|Any CPU.ActiveCfg = Release|Any CPU
		{1F3C21DA-C8CB-498B-ABA4-0C61F4BE50EB}.Release|Any CPU.Build.0 = Release|Any CPU
	EndGlobalSection
	GlobalSection(SolutionProperties) = preSolution
		HideSolutionNode = FALSE
	EndGlobalSection
	GlobalSection(ExtensibilityGlobals) = postSolution
		SolutionGuid = {C98CF07A-0EFC-45B0-8236-FDB594C86458}
	EndGlobalSection
EndGlobal
