
Microsoft Visual Studio Solution File, Format Version 12.00
# Visual Studio Version 17
VisualStudioVersion = 17.2.32630.192
MinimumVisualStudioVersion = 10.0.40219.1
Project("{FAE04EC0-301F-11D3-BF4B-00C04F79EFBC}") = "Prototype", "Prototype.csproj", "{41E0782C-70C8-4590-A596-CBCBD822CA9F}"
EndProject
Global
	GlobalSection(SolutionConfigurationPlatforms) = preSolution
		Debug|Any CPU = Debug|Any CPU
		Release|Any CPU = Release|Any CPU
	EndGlobalSection
	GlobalSection(ProjectConfigurationPlatforms) = postSolution
		{41E0782C-70C8-4590-A596-CBCBD822CA9F}.Debug|Any CPU.ActiveCfg = Debug|Any CPU
		{41E0782C-70C8-4590-A596-CBCBD822CA9F}.Debug|Any CPU.Build.0 = Debug|Any CPU
		{41E0782C-70C8-4590-A596-CBCBD822CA9F}.Release|Any CPU.ActiveCfg = Release|Any CPU
		{41E0782C-70C8-4590-A596-CBCBD822CA9F}.Release|Any CPU.Build.0 = Release|Any CPU
	EndGlobalSection
	GlobalSection(SolutionProperties) = preSolution
		HideSolutionNode = FALSE
	EndGlobalSection
	GlobalSection(ExtensibilityGlobals) = postSolution
		SolutionGuid = {DBEFC8BF-3D9E-4BC5-A882-85D2B480EF71}
	EndGlobalSection
EndGlobal
